{
  "lockfileVersion": 1,
  "configVersion": 1,
  "workspaces": {
    "": {
      "name": "e2e",
      "devDependencies": {
        "@playwright/test": "^1.50.0",
      },
    },
  },
  "packages": {
    "@playwright/test": ["@playwright/test@1.59.0", "", { "dependencies": { "playwright": "1.59.0" }, "bin": { "playwright": "cli.js" } }, "sha512-TOA5sTLd49rTDaZpYpvCQ9hGefHQq/OYOyCVnGqS2mjMfX+lGZv2iddIJd0I48cfxqSPttS9S3OuLKyylHcO1w=="],

    "fsevents": ["fsevents@2.3.2", "", { "os": "darwin" }, "sha512-xiqMQR4xAeHTuB9uWm+fFRcIOgKBMiOBP+eXiyT7jsgVCq1bkVygt00oASowB7EdtpOHaaPgKt812P9ab+DDKA=="],

    "playwright": ["playwright@1.59.0", "", { "dependencies": { "playwright-core": "1.59.0" }, "optionalDependencies": { "fsevents": "2.3.2" }, "bin": { "playwright": "cli.js" } }, "sha512-wihGScriusvATUxmhfENxg0tj1vHEFeIwxlnPFKQTOQVd7aG08mUfvvniRP/PtQOC+2Bs52kBOC/Up1jTXeIbw=="],

    "playwright-core": ["playwright-core@1.59.0", "", { "bin": { "playwright-core": "cli.js" } }, "sha512-PW/X/IoZ6BMUUy8rpwHEZ8Kc0IiLIkgKYGNFaMs5KmQhcfLILNx9yCQD0rnWeWfz1PNeqcFP1BsihQhDOBCwZw=="],
  }
}
